Microsoft Visual Studio Solution File, Format Version 12.00
# Visual Studio Version 17
VisualStudioVersion = 17.5.2.0
MinimumVisualStudioVersion = 10.0.40219.1
Project("{FAE04EC0-301F-11D3-BF4B-00C04F79EFBC}") = "DevRequestPortal", "DevRequestPortal.csproj", "{544945FA-C4CB-19B8-3A3C-923CDF65D229}"
EndProject
Global
	GlobalSection(SolutionConfigurationPlatforms) = preSolution
		Debug|Any CPU = Debug|Any CPU
		Release|Any CPU = Release|Any CPU
	EndGlobalSection
	GlobalSection(ProjectConfigurationPlatforms) = postSolution
		{544945FA-C4CB-19B8-3A3C-923CDF65D229}.Debug|Any CPU.ActiveCfg = Debug|Any CPU
		{544945FA-C4CB-19B8-3A3C-923CDF65D229}.Debug|Any CPU.Build.0 = Debug|Any CPU
		{544945FA-C4CB-19B8-3A3C-923CDF65D229}.Release|Any CPU.ActiveCfg = Release|Any CPU
		{544945FA-C4CB-19B8-3A3C-923CDF65D229}.Release|Any CPU.Build.0 = Release|Any CPU
	EndGlobalSection
	GlobalSection(SolutionProperties) = preSolution
		HideSolutionNode = FALSE
	EndGlobalSection
	GlobalSection(ExtensibilityGlobals) = postSolution
		SolutionGuid = {BB57C748-7672-4119-BEA4-E29F7B468666}
	EndGlobalSection
EndGlobal
